
Microsoft Visual Studio Solution File, Format Version 12.00
# Visual Studio Version 16
VisualStudioVersion = 16.0.30503.244
MinimumVisualStudioVersion = 10.0.40219.1
Project("{FAE04EC0-301F-11D3-BF4B-00C04F79EFBC}") = "BulletedListSample", "BulletedListSample\BulletedListSample.csproj", "{7864C54C-25BA-4720-9A04-3F7294F0AE44}"
EndProject
Global
	GlobalSection(SolutionConfigurationPlatforms) = preSolution
		Debug|Any CPU = Debug|Any CPU
		Release|Any CPU = Release|Any CPU
	EndGlobalSection
	GlobalSection(ProjectConfigurationPlatforms) = postSolution
		{7864C54C-25BA-4720-9A04-3F7294F0AE44}.Debug|Any CPU.ActiveCfg = Debug|Any CPU
		{7864C54C-25BA-4720-9A04-3F7294F0AE44}.Debug|Any CPU.Build.0 = Debug|Any CPU
		{7864C54C-25BA-4720-9A04-3F7294F0AE44}.Release|Any CPU.ActiveCfg = Release|Any CPU
		{7864C54C-25BA-4720-9A04-3F7294F0AE44}.Release|Any CPU.Build.0 = Release|Any CPU
	EndGlobalSection
	GlobalSection(SolutionProperties) = preSolution
		HideSolutionNode = FALSE
	EndGlobalSection
	GlobalSection(ExtensibilityGlobals) = postSolution
		SolutionGuid = {B9D0A250-258D-41DC-A349-08EA9D11671B}
	EndGlobalSection
EndGlobal
